
Microsoft Visual Studio Solution File, Format Version 12.00
# Visual Studio 15
VisualStudioVersion = 15.0.27428.2027
MinimumVisualStudioVersion = 10.0.40219.1
Project("{FAE04EC0-301F-11D3-BF4B-00C04F79EFBC}") = "discount-manager", "discount-manager.csproj", "{FAA60045-48F9-43F3-88A2-77A52C68EC8E}"
EndProject
Project("{FAE04EC0-301F-11D3-BF4B-00C04F79EFBC}") = "DiscountManagerUnitTest", "DiscountManagerUnitTest\DiscountManagerUnitTest.csproj", "{96879592-BD8C-4B38-BE8D-4125DA9424B5}"
EndProject
Project("{FAE04EC0-301F-11D3-BF4B-00C04F79EFBC}") = "DiscountManager", "DiscountManager\DiscountManager.csproj", "{929254A4-C6B9-477C-83E8-46B85C2A32D7}"
EndProject
Global
	GlobalSection(SolutionConfigurationPlatforms) = preSolution
		Debug|Any CPU = Debug|Any CPU
		Debug|x86 = Debug|x86
		Release|Any CPU = Release|Any CPU
		Release|x86 = Release|x86
	EndGlobalSection
	GlobalSection(ProjectConfigurationPlatforms) = postSolution
		{FAA60045-48F9-43F3-88A2-77A52C68EC8E}.Debug|Any CPU.ActiveCfg = Debug|x86
		{FAA60045-48F9-43F3-88A2-77A52C68EC8E}.Debug|x86.ActiveCfg = Debug|x86
		{FAA60045-48F9-43F3-88A2-77A52C68EC8E}.Debug|x86.Build.0 = Debug|x86
		{FAA60045-48F9-43F3-88A2-77A52C68EC8E}.Release|Any CPU.ActiveCfg = Release|x86
		{FAA60045-48F9-43F3-88A2-77A52C68EC8E}.Release|x86.ActiveCfg = Release|x86
		{FAA60045-48F9-43F3-88A2-77A52C68EC8E}.Release|x86.Build.0 = Release|x86
		{96879592-BD8C-4B38-BE8D-4125DA9424B5}.Debug|Any CPU.ActiveCfg = Debug|Any CPU
		{96879592-BD8C-4B38-BE8D-4125DA9424B5}.Debug|Any CPU.Build.0 = Debug|Any CPU
		{96879592-BD8C-4B38-BE8D-4125DA9424B5}.Debug|x86.ActiveCfg = Debug|Any CPU
		{96879592-BD8C-4B38-BE8D-4125DA9424B5}.Debug|x86.Build.0 = Debug|Any CPU
		{96879592-BD8C-4B38-BE8D-4125DA9424B5}.Release|Any CPU.ActiveCfg = Release|Any CPU
		{96879592-BD8C-4B38-BE8D-4125DA9424B5}.Release|Any CPU.Build.0 = Release|Any CPU
		{96879592-BD8C-4B38-BE8D-4125DA9424B5}.Release|x86.ActiveCfg = Release|Any CPU
		{96879592-BD8C-4B38-BE8D-4125DA9424B5}.Release|x86.Build.0 = Release|Any CPU
		{929254A4-C6B9-477C-83E8-46B85C2A32D7}.Debug|Any CPU.ActiveCfg = Debug|Any CPU
		{929254A4-C6B9-477C-83E8-46B85C2A32D7}.Debug|Any CPU.Build.0 = Debug|Any CPU
		{929254A4-C6B9-477C-83E8-46B85C2A32D7}.Debug|x86.ActiveCfg = Debug|Any CPU
		{929254A4-C6B9-477C-83E8-46B85C2A32D7}.Debug|x86.Build.0 = Debug|Any CPU
		{929254A4-C6B9-477C-83E8-46B85C2A32D7}.Release|Any CPU.ActiveCfg = Release|Any CPU
		{929254A4-C6B9-477C-83E8-46B85C2A32D7}.Release|Any CPU.Build.0 = Release|Any CPU
		{929254A4-C6B9-477C-83E8-46B85C2A32D7}.Release|x86.ActiveCfg = Release|Any CPU
		{929254A4-C6B9-477C-83E8-46B85C2A32D7}.Release|x86.Build.0 = Release|Any CPU
	EndGlobalSection
	GlobalSection(SolutionProperties) = preSolution
		HideSolutionNode = FALSE
	EndGlobalSection
	GlobalSection(ExtensibilityGlobals) = postSolution
		SolutionGuid = {BAEE8C64-73FB-4A62-B99F-D4B941C1E44E}
	EndGlobalSection
EndGlobal
